
Microsoft Visual Studio Solution File, Format Version 12.00
# Visual Studio Version 17
VisualStudioVersion = 17.9.34902.65
MinimumVisualStudioVersion = 10.0.40219.1
Project("{2150E333-8FDC-42A3-9474-1A3956D46DE8}") = "Solution Items", "Solution Items", "{EE5E10EC-F086-48DC-A35D-5D6C136136B9}"
	ProjectSection(SolutionItems) = preProject
		..\README.md = ..\README.md
	EndProjectSection
EndProject
Project("{9A19103F-16F7-4668-BE54-9A1E7A4F7556}") = "Race", "Race\Race.csproj", "{AD2BBCA1-F125-4E42-8016-D10D65A639ED}"
EndProject
Project("{9A19103F-16F7-4668-BE54-9A1E7A4F7556}") = "Classes", "BettingHouse\Classes.csproj", "{5E800C60-73CC-4BD0-800E-69C685265472}"
EndProject
Project("{9A19103F-16F7-4668-BE54-9A1E7A4F7556}") = "RunnerTesting", "RunnerTest\RunnerTesting.csproj", "{5A0CA171-F649-4B03-BF9E-151B25DB0359}"
EndProject
Project("{FAE04EC0-301F-11D3-BF4B-00C04F79EFBC}") = "BettorTesting", "BettorTesting\BettorTesting.csproj", "{31FFF8D7-90EC-42D4-95C0-A3801C195690}"
EndProject
Project("{FAE04EC0-301F-11D3-BF4B-00C04F79EFBC}") = "BettingHouseTesting", "BettingHouseTesting\BettingHouseTesting.csproj", "{2AF773EF-F03D-4FFD-931B-957075064C0F}"
EndProject
Global
	GlobalSection(SolutionConfigurationPlatforms) = preSolution
		Debug|Any CPU = Debug|Any CPU
		Release|Any CPU = Release|Any CPU
	EndGlobalSection
	GlobalSection(ProjectConfigurationPlatforms) = postSolution
		{AD2BBCA1-F125-4E42-8016-D10D65A639ED}.Debug|Any CPU.ActiveCfg = Debug|Any CPU
		{AD2BBCA1-F125-4E42-8016-D10D65A639ED}.Debug|Any CPU.Build.0 = Debug|Any CPU
		{AD2BBCA1-F125-4E42-8016-D10D65A639ED}.Release|Any CPU.ActiveCfg = Release|Any CPU
		{AD2BBCA1-F125-4E42-8016-D10D65A639ED}.Release|Any CPU.Build.0 = Release|Any CPU
		{5E800C60-73CC-4BD0-800E-69C685265472}.Debug|Any CPU.ActiveCfg = Debug|Any CPU
		{5E800C60-73CC-4BD0-800E-69C685265472}.Debug|Any CPU.Build.0 = Debug|Any CPU
		{5E800C60-73CC-4BD0-800E-69C685265472}.Release|Any CPU.ActiveCfg = Release|Any CPU
		{5E800C60-73CC-4BD0-800E-69C685265472}.Release|Any CPU.Build.0 = Release|Any CPU
		{5A0CA171-F649-4B03-BF9E-151B25DB0359}.Debug|Any CPU.ActiveCfg = Debug|Any CPU
		{5A0CA171-F649-4B03-BF9E-151B25DB0359}.Debug|Any CPU.Build.0 = Debug|Any CPU
		{5A0CA171-F649-4B03-BF9E-151B25DB0359}.Release|Any CPU.ActiveCfg = Release|Any CPU
		{5A0CA171-F649-4B03-BF9E-151B25DB0359}.Release|Any CPU.Build.0 = Release|Any CPU
		{31FFF8D7-90EC-42D4-95C0-A3801C195690}.Debug|Any CPU.ActiveCfg = Debug|Any CPU
		{31FFF8D7-90EC-42D4-95C0-A3801C195690}.Debug|Any CPU.Build.0 = Debug|Any CPU
		{31FFF8D7-90EC-42D4-95C0-A3801C195690}.Release|Any CPU.ActiveCfg = Release|Any CPU
		{31FFF8D7-90EC-42D4-95C0-A3801C195690}.Release|Any CPU.Build.0 = Release|Any CPU
		{2AF773EF-F03D-4FFD-931B-957075064C0F}.Debug|Any CPU.ActiveCfg = Debug|Any CPU
		{2AF773EF-F03D-4FFD-931B-957075064C0F}.Debug|Any CPU.Build.0 = Debug|Any CPU
		{2AF773EF-F03D-4FFD-931B-957075064C0F}.Release|Any CPU.ActiveCfg = Release|Any CPU
		{2AF773EF-F03D-4FFD-931B-957075064C0F}.Release|Any CPU.Build.0 = Release|Any CPU
	EndGlobalSection
	GlobalSection(SolutionProperties) = preSolution
		HideSolutionNode = FALSE
	EndGlobalSection
	GlobalSection(ExtensibilityGlobals) = postSolution
		SolutionGuid = {3AA0F9BC-6C62-400C-B570-C9A76DE176A1}
	EndGlobalSection
EndGlobal
